
Microsoft Visual Studio Solution File, Format Version 12.00
# Visual Studio Version 17
VisualStudioVersion = 17.5.002.0
MinimumVisualStudioVersion = 10.0.40219.1
Project("{9A19103F-16F7-4668-BE54-9A1E7A4F7556}") = "api", "api\api.csproj", "{079B3DB3-2682-417F-AC52-B0B34DBA16CB}"
EndProject
Global
	GlobalSection(SolutionConfigurationPlatforms) = preSolution
		Debug|Any CPU = Debug|Any CPU
		Release|Any CPU = Release|Any CPU
	EndGlobalSection
	GlobalSection(ProjectConfigurationPlatforms) = postSolution
		{079B3DB3-2682-417F-AC52-B0B34DBA16CB}.Debug|Any CPU.ActiveCfg = Debug|Any CPU
		{079B3DB3-2682-417F-AC52-B0B34DBA16CB}.Debug|Any CPU.Build.0 = Debug|Any CPU
		{079B3DB3-2682-417F-AC52-B0B34DBA16CB}.Release|Any CPU.ActiveCfg = Release|Any CPU
		{079B3DB3-2682-417F-AC52-B0B34DBA16CB}.Release|Any CPU.Build.0 = Release|Any CPU
	EndGlobalSection
	GlobalSection(SolutionProperties) = preSolution
		HideSolutionNode = FALSE
	EndGlobalSection
	GlobalSection(ExtensibilityGlobals) = postSolution
		SolutionGuid = {20FB3C02-7000-48B5-9F7C-707359D81187}
	EndGlobalSection
EndGlobal
